
Microsoft Visual Studio Solution File, Format Version 12.00
# Visual Studio Version 17
VisualStudioVersion = 17.5.002.0
MinimumVisualStudioVersion = 10.0.40219.1
Project("{9A19103F-16F7-4668-BE54-9A1E7A4F7556}") = "TerrariaCells", "TerrariaCells.csproj", "{F340AC03-C828-416A-B7BF-7D1236C0C32C}"
EndProject
Global
	GlobalSection(SolutionConfigurationPlatforms) = preSolution
		Debug|Any CPU = Debug|Any CPU
		Release|Any CPU = Release|Any CPU
	EndGlobalSection
	GlobalSection(ProjectConfigurationPlatforms) = postSolution
		{F340AC03-C828-416A-B7BF-7D1236C0C32C}.Debug|Any CPU.ActiveCfg = Debug|Any CPU
		{F340AC03-C828-416A-B7BF-7D1236C0C32C}.Debug|Any CPU.Build.0 = Debug|Any CPU
		{F340AC03-C828-416A-B7BF-7D1236C0C32C}.Release|Any CPU.ActiveCfg = Release|Any CPU
		{F340AC03-C828-416A-B7BF-7D1236C0C32C}.Release|Any CPU.Build.0 = Release|Any CPU
	EndGlobalSection
	GlobalSection(SolutionProperties) = preSolution
		HideSolutionNode = FALSE
	EndGlobalSection
	GlobalSection(ExtensibilityGlobals) = postSolution
		SolutionGuid = {55975AF4-4F82-46AE-B2BA-ED0F1CC8BE36}
	EndGlobalSection
EndGlobal
